# THIS IS AN AUTOGENERATED FILE. DO NOT EDIT THIS FILE DIRECTLY.
# yarn lockfile v1


"@prisma/client@4.7.0-integration-engines-4-7-0-9-feat-error-req-idx-26e00ab332793084ea0280df387b126fb5e17eba.1":
  version "4.7.0-integration-engines-4-7-0-9-feat-error-req-idx-26e00ab332793084ea0280df387b126fb5e17eba.1"
  resolved "https://registry.yarnpkg.com/@prisma/client/-/client-4.7.0-integration-engines-4-7-0-9-feat-error-req-idx-26e00ab332793084ea0280df387b126fb5e17eba.1.tgz#d31447b265e1e615fd04df090c2443079bd208ba"
  integrity sha512-BhNvmS6reEuhw4cEaOkhv5+ttN6oXYJLKWgddLeMSgi8vhVWeKckM4ES6W/ABjEb6H7pjR5GG0jMoaJjES3avA==
  dependencies:
    "@prisma/engines-version" "4.7.0-9.feat-error-req-idx-26e00ab332793084ea0280df387b126fb5e17eba"

"@prisma/engines-version@4.7.0-9.feat-error-req-idx-26e00ab332793084ea0280df387b126fb5e17eba":
  version "4.7.0-9.feat-error-req-idx-26e00ab332793084ea0280df387b126fb5e17eba"
  resolved "https://registry.yarnpkg.com/@prisma/engines-version/-/engines-version-4.7.0-9.feat-error-req-idx-26e00ab332793084ea0280df387b126fb5e17eba.tgz#7d8264c71f7760d48865ded049829b72bb3c4183"
  integrity sha512-o0gv8Eb2Xnm+yspUVFefs1lQ/qM5VqAI92zftuIC1MnLOt6unLCO20gtp0TU7Q37mhcgjTM9ef9gDnhp0mHmtw==

"@prisma/engines@4.7.0-integration-engines-4-7-0-9-feat-error-req-idx-26e00ab332793084ea0280df387b126fb5e17eba.1":
  version "4.7.0-integration-engines-4-7-0-9-feat-error-req-idx-26e00ab332793084ea0280df387b126fb5e17eba.1"
  resolved "https://registry.yarnpkg.com/@prisma/engines/-/engines-4.7.0-integration-engines-4-7-0-9-feat-error-req-idx-26e00ab332793084ea0280df387b126fb5e17eba.1.tgz#1436e47d99f4fd17df11d39d8f40f8b1a692ac9e"
  integrity sha512-W2GTaieiPBLj60VMOXPqjP/MlzgO7QEx/q0U8zpC7xs4/fVo36J7BApkOee8SNdsNiayVzIhfUKyRopeglvHOw==

prisma@4.7.0-integration-engines-4-7-0-9-feat-error-req-idx-26e00ab332793084ea0280df387b126fb5e17eba.1:
  version "4.7.0-integration-engines-4-7-0-9-feat-error-req-idx-26e00ab332793084ea0280df387b126fb5e17eba.1"
  resolved "https://registry.yarnpkg.com/prisma/-/prisma-4.7.0-integration-engines-4-7-0-9-feat-error-req-idx-26e00ab332793084ea0280df387b126fb5e17eba.1.tgz#f46525012a5c3a5b1f0eab3f6fe4b9b5691db71c"
  integrity sha512-5lkXnXhsUXWGT91EHSZ798VmCPvucPpI04Gqn2hoDA5i2EB7LpkmrinXqePlJigOb5w+hCJV9b55oXCAPukmeA==
  dependencies:
    "@prisma/engines" "4.7.0-integration-engines-4-7-0-9-feat-error-req-idx-26e00ab332793084ea0280df387b126fb5e17eba.1"
